
Microsoft Visual Studio Solution File, Format Version 12.00
# Visual Studio Version 16
VisualStudioVersion = 16.0.30717.126
MinimumVisualStudioVersion = 10.0.40219.1
Project("{FAE04EC0-301F-11D3-BF4B-00C04F79EFBC}") = "Chat_Client", "Chat_Client\Chat_Client.csproj", "{DD293472-3497-478D-B544-9AA3F3DDBDBB}"
EndProject
Global
	GlobalSection(SolutionConfigurationPlatforms) = preSolution
		Debug|Any CPU = Debug|Any CPU
		Release|Any CPU = Release|Any CPU
	EndGlobalSection
	GlobalSection(ProjectConfigurationPlatforms) = postSolution
		{DD293472-3497-478D-B544-9AA3F3DDBDBB}.Debug|Any CPU.ActiveCfg = Debug|Any CPU
		{DD293472-3497-478D-B544-9AA3F3DDBDBB}.Debug|Any CPU.Build.0 = Debug|Any CPU
		{DD293472-3497-478D-B544-9AA3F3DDBDBB}.Release|Any CPU.ActiveCfg = Release|Any CPU
		{DD293472-3497-478D-B544-9AA3F3DDBDBB}.Release|Any CPU.Build.0 = Release|Any CPU
	EndGlobalSection
	GlobalSection(SolutionProperties) = preSolution
		HideSolutionNode = FALSE
	EndGlobalSection
	GlobalSection(ExtensibilityGlobals) = postSolution
		SolutionGuid = {CBCFC5A6-E4F2-4748-B079-E4A615D1B569}
	EndGlobalSection
EndGlobal
